// !$*UTF8*$!
{
	archiveVersion = 1;
	classes = {
	};
	objectVersion = 56;
	objects = {

/* Begin PBXBuildFile section */
		575AEC212C35C08400D73623 /* BondView.swift in Sources */ = {isa = PBXBuildFile; fileRef = 575AEC202C35C08400D73623 /* BondView.swift */; };
		575AEC232C35C11E00D73623 /* CreateBond.swift in Sources */ = {isa = PBXBuildFile; fileRef = 575AEC222C35C11E00D73623 /* CreateBond.swift */; };
		575AEC252C35CD6E00D73623 /* BondChallenges.swift in Sources */ = {isa = PBXBuildFile; fileRef = 575AEC242C35CD6E00D73623 /* BondChallenges.swift */; };
		575AEC272C35E0B200D73623 /* ReusableBondView.swift in Sources */ = {isa = PBXBuildFile; fileRef = 575AEC262C35E0B200D73623 /* ReusableBondView.swift */; };
		575AEC292C35E25300D73623 /* BondCardView.swift in Sources */ = {isa = PBXBuildFile; fileRef = 575AEC282C35E25300D73623 /* BondCardView.swift */; };
		576583032C3453FF00A817FC /* CreateLearn.swift in Sources */ = {isa = PBXBuildFile; fileRef = 576583022C3453FF00A817FC /* CreateLearn.swift */; };
		576583082C34544900A817FC /* LearnPost.swift in Sources */ = {isa = PBXBuildFile; fileRef = 576583072C34544900A817FC /* LearnPost.swift */; };
		5765830A2C345FD300A817FC /* LearnView.swift in Sources */ = {isa = PBXBuildFile; fileRef = 576583092C345FD300A817FC /* LearnView.swift */; };
		5765830E2C34651F00A817FC /* ReusableLearnPostView.swift in Sources */ = {isa = PBXBuildFile; fileRef = 5765830D2C34651F00A817FC /* ReusableLearnPostView.swift */; };
		576583102C346EFA00A817FC /* LearnPostCardView.swift in Sources */ = {isa = PBXBuildFile; fileRef = 5765830F2C346EFA00A817FC /* LearnPostCardView.swift */; };
		5787DAD32C28610C005A4686 /* WaveShape.swift in Sources */ = {isa = PBXBuildFile; fileRef = 5787DAD22C28610B005A4686 /* WaveShape.swift */; };
		5787DAD52C286D53005A4686 /* CustomTabBar.swift in Sources */ = {isa = PBXBuildFile; fileRef = 5787DAD42C286D53005A4686 /* CustomTabBar.swift */; };
		5787DAD82C287C53005A4686 /* BarGraphBuilder.swift in Sources */ = {isa = PBXBuildFile; fileRef = 5787DAD72C287C53005A4686 /* BarGraphBuilder.swift */; };
		57D590C22C27405A001D614F /* View+Extensions.swift in Sources */ = {isa = PBXBuildFile; fileRef = 57D590C12C27405A001D614F /* View+Extensions.swift */; };
		57D590C42C274083001D614F /* Color+Extensions.swift in Sources */ = {isa = PBXBuildFile; fileRef = 57D590C32C274083001D614F /* Color+Extensions.swift */; };
		57D590C82C2741E8001D614F /* AppConstants.swift in Sources */ = {isa = PBXBuildFile; fileRef = 57D590C72C2741E8001D614F /* AppConstants.swift */; };
		57D590CC2C274DD6001D614F /* MainView.swift in Sources */ = {isa = PBXBuildFile; fileRef = 57D590CB2C274DD6001D614F /* MainView.swift */; };
		57D590CE2C27520F001D614F /* ProfileView.swift in Sources */ = {isa = PBXBuildFile; fileRef = 57D590CD2C27520F001D614F /* ProfileView.swift */; };
		57D590D02C275B63001D614F /* ProfileContent.swift in Sources */ = {isa = PBXBuildFile; fileRef = 57D590CF2C275B63001D614F /* ProfileContent.swift */; };
		57D590D72C276463001D614F /* SDWebImageSwiftUI in Frameworks */ = {isa = PBXBuildFile; productRef = 57D590D62C276463001D614F /* SDWebImageSwiftUI */; };
		57E0ECBA2C24B4DE00BE0FCC /* GreenBondApp.swift in Sources */ = {isa = PBXBuildFile; fileRef = 57E0ECB92C24B4DE00BE0FCC /* GreenBondApp.swift */; };
		57E0ECBC2C24B4DE00BE0FCC /* ContentView.swift in Sources */ = {isa = PBXBuildFile; fileRef = 57E0ECBB2C24B4DE00BE0FCC /* ContentView.swift */; };
		57E0ECBE2C24B4E200BE0FCC /* Assets.xcassets in Resources */ = {isa = PBXBuildFile; fileRef = 57E0ECBD2C24B4E200BE0FCC /* Assets.xcassets */; };
		57E0ECC12C24B4E200BE0FCC /* Preview Assets.xcassets in Resources */ = {isa = PBXBuildFile; fileRef = 57E0ECC02C24B4E200BE0FCC /* Preview Assets.xcassets */; };
		57E0ECC82C24BE4F00BE0FCC /* GoogleService-Info.plist in Resources */ = {isa = PBXBuildFile; fileRef = 57E0ECC72C24BE4F00BE0FCC /* GoogleService-Info.plist */; };
		57E0ECCC2C24BEE300BE0FCC /* FirebaseAuth in Frameworks */ = {isa = PBXBuildFile; productRef = 57E0ECCB2C24BEE300BE0FCC /* FirebaseAuth */; };
		57E0ECD02C24BF1400BE0FCC /* LoginView.swift in Sources */ = {isa = PBXBuildFile; fileRef = 57E0ECCF2C24BF1400BE0FCC /* LoginView.swift */; };
		57E0ECD22C24CD1C00BE0FCC /* RegisterView.swift in Sources */ = {isa = PBXBuildFile; fileRef = 57E0ECD12C24CD1C00BE0FCC /* RegisterView.swift */; };
		57E0ECD52C2574A500BE0FCC /* FirebaseFirestore in Frameworks */ = {isa = PBXBuildFile; productRef = 57E0ECD42C2574A500BE0FCC /* FirebaseFirestore */; };
		57E0ECD72C2574A500BE0FCC /* FirebaseFirestoreSwift in Frameworks */ = {isa = PBXBuildFile; productRef = 57E0ECD62C2574A500BE0FCC /* FirebaseFirestoreSwift */; };
		57E0ECD92C2574A500BE0FCC /* FirebaseStorage in Frameworks */ = {isa = PBXBuildFile; productRef = 57E0ECD82C2574A500BE0FCC /* FirebaseStorage */; };
		57E0ECDB2C2575E200BE0FCC /* User.swift in Sources */ = {isa = PBXBuildFile; fileRef = 57E0ECDA2C2575E200BE0FCC /* User.swift */; };
		57F90E952C25DB170016D90F /* LoadingView.swift in Sources */ = {isa = PBXBuildFile; fileRef = 57F90E942C25DB170016D90F /* LoadingView.swift */; };
/* End PBXBuildFile section */

/* Begin PBXFileReference section */
		575AEC202C35C08400D73623 /* BondView.swift */ = {isa = PBXFileReference; lastKnownFileType = sourcecode.swift; path = BondView.swift; sourceTree = "<group>"; };
		575AEC222C35C11E00D73623 /* CreateBond.swift */ = {isa = PBXFileReference; lastKnownFileType = sourcecode.swift; path = CreateBond.swift; sourceTree = "<group>"; };
		575AEC242C35CD6E00D73623 /* BondChallenges.swift */ = {isa = PBXFileReference; lastKnownFileType = sourcecode.swift; path = BondChallenges.swift; sourceTree = "<group>"; };
		575AEC262C35E0B200D73623 /* ReusableBondView.swift */ = {isa = PBXFileReference; lastKnownFileType = sourcecode.swift; path = ReusableBondView.swift; sourceTree = "<group>"; };
		575AEC282C35E25300D73623 /* BondCardView.swift */ = {isa = PBXFileReference; lastKnownFileType = sourcecode.swift; path = BondCardView.swift; sourceTree = "<group>"; };
		576583022C3453FF00A817FC /* CreateLearn.swift */ = {isa = PBXFileReference; lastKnownFileType = sourcecode.swift; path = CreateLearn.swift; sourceTree = "<group>"; };
		576583072C34544900A817FC /* LearnPost.swift */ = {isa = PBXFileReference; lastKnownFileType = sourcecode.swift; path = LearnPost.swift; sourceTree = "<group>"; };
		576583092C345FD300A817FC /* LearnView.swift */ = {isa = PBXFileReference; lastKnownFileType = sourcecode.swift; path = LearnView.swift; sourceTree = "<group>"; };
		5765830D2C34651F00A817FC /* ReusableLearnPostView.swift */ = {isa = PBXFileReference; lastKnownFileType = sourcecode.swift; path = ReusableLearnPostView.swift; sourceTree = "<group>"; };
		5765830F2C346EFA00A817FC /* LearnPostCardView.swift */ = {isa = PBXFileReference; lastKnownFileType = sourcecode.swift; path = LearnPostCardView.swift; sourceTree = "<group>"; };
		5787DAD22C28610B005A4686 /* WaveShape.swift */ = {isa = PBXFileReference; lastKnownFileType = sourcecode.swift; path = WaveShape.swift; sourceTree = "<group>"; };
		5787DAD42C286D53005A4686 /* CustomTabBar.swift */ = {isa = PBXFileReference; lastKnownFileType = sourcecode.swift; path = CustomTabBar.swift; sourceTree = "<group>"; };
		5787DAD72C287C53005A4686 /* BarGraphBuilder.swift */ = {isa = PBXFileReference; lastKnownFileType = sourcecode.swift; path = BarGraphBuilder.swift; sourceTree = "<group>"; };
		57D590C12C27405A001D614F /* View+Extensions.swift */ = {isa = PBXFileReference; lastKnownFileType = sourcecode.swift; path = "View+Extensions.swift"; sourceTree = "<group>"; };
		57D590C32C274083001D614F /* Color+Extensions.swift */ = {isa = PBXFileReference; lastKnownFileType = sourcecode.swift; path = "Color+Extensions.swift"; sourceTree = "<group>"; };
		57D590C72C2741E8001D614F /* AppConstants.swift */ = {isa = PBXFileReference; lastKnownFileType = sourcecode.swift; path = AppConstants.swift; sourceTree = "<group>"; };
		57D590CB2C274DD6001D614F /* MainView.swift */ = {isa = PBXFileReference; lastKnownFileType = sourcecode.swift; path = MainView.swift; sourceTree = "<group>"; };
		57D590CD2C27520F001D614F /* ProfileView.swift */ = {isa = PBXFileReference; lastKnownFileType = sourcecode.swift; path = ProfileView.swift; sourceTree = "<group>"; };
		57D590CF2C275B63001D614F /* ProfileContent.swift */ = {isa = PBXFileReference; lastKnownFileType = sourcecode.swift; path = ProfileContent.swift; sourceTree = "<group>"; };
		57E0ECB62C24B4DE00BE0FCC /* GreenBond.app */ = {isa = PBXFileReference; explicitFileType = wrapper.application; includeInIndex = 0; path = GreenBond.app; sourceTree = BUILT_PRODUCTS_DIR; };
		57E0ECB92C24B4DE00BE0FCC /* GreenBondApp.swift */ = {isa = PBXFileReference; lastKnownFileType = sourcecode.swift; path = GreenBondApp.swift; sourceTree = "<group>"; };
		57E0ECBB2C24B4DE00BE0FCC /* ContentView.swift */ = {isa = PBXFileReference; lastKnownFileType = sourcecode.swift; path = ContentView.swift; sourceTree = "<group>"; };
		57E0ECBD2C24B4E200BE0FCC /* Assets.xcassets */ = {isa = PBXFileReference; lastKnownFileType = folder.assetcatalog; path = Assets.xcassets; sourceTree = "<group>"; };
		57E0ECC02C24B4E200BE0FCC /* Preview Assets.xcassets */ = {isa = PBXFileReference; lastKnownFileType = folder.assetcatalog; path = "Preview Assets.xcassets"; sourceTree = "<group>"; };
		57E0ECC72C24BE4F00BE0FCC /* GoogleService-Info.plist */ = {isa = PBXFileReference; fileEncoding = 4; lastKnownFileType = text.plist.xml; path = "GoogleService-Info.plist"; sourceTree = "<group>"; };
		57E0ECC92C24BE7100BE0FCC /* Info.plist */ = {isa = PBXFileReference; lastKnownFileType = text.plist; path = Info.plist; sourceTree = "<group>"; };
		57E0ECCF2C24BF1400BE0FCC /* LoginView.swift */ = {isa = PBXFileReference; lastKnownFileType = sourcecode.swift; path = LoginView.swift; sourceTree = "<group>"; };
		57E0ECD12C24CD1C00BE0FCC /* RegisterView.swift */ = {isa = PBXFileReference; lastKnownFileType = sourcecode.swift; path = RegisterView.swift; sourceTree = "<group>"; };
		57E0ECDA2C2575E200BE0FCC /* User.swift */ = {isa = PBXFileReference; lastKnownFileType = sourcecode.swift; path = User.swift; sourceTree = "<group>"; };
		57F90E942C25DB170016D90F /* LoadingView.swift */ = {isa = PBXFileReference; lastKnownFileType = sourcecode.swift; path = LoadingView.swift; sourceTree = "<group>"; };
/* End PBXFileReference section */

/* Begin PBXFrameworksBuildPhase section */
		57E0ECB32C24B4DE00BE0FCC /* Frameworks */ = {
			isa = PBXFrameworksBuildPhase;
			buildActionMask = 2147483647;
			files = (
				57D590D72C276463001D614F /* SDWebImageSwiftUI in Frameworks */,
				57E0ECCC2C24BEE300BE0FCC /* FirebaseAuth in Frameworks */,
				57E0ECD92C2574A500BE0FCC /* FirebaseStorage in Frameworks */,
				57E0ECD52C2574A500BE0FCC /* FirebaseFirestore in Frameworks */,
				57E0ECD72C2574A500BE0FCC /* FirebaseFirestoreSwift in Frameworks */,
			);
			runOnlyForDeploymentPostprocessing = 0;
		};
/* End PBXFrameworksBuildPhase section */

/* Begin PBXGroup section */
		575AEC1F2C35A8EB00D73623 /* ProfileView */ = {
			isa = PBXGroup;
			children = (
				57D590CF2C275B63001D614F /* ProfileContent.swift */,
				57D590CD2C27520F001D614F /* ProfileView.swift */,
			);
			path = ProfileView;
			sourceTree = "<group>";
		};
		576583012C34539500A817FC /* AdminView */ = {
			isa = PBXGroup;
			children = (
				576583022C3453FF00A817FC /* CreateLearn.swift */,
				575AEC222C35C11E00D73623 /* CreateBond.swift */,
			);
			path = AdminView;
			sourceTree = "<group>";
		};
		57690DC02C353D2E0015844B /* LearnView */ = {
			isa = PBXGroup;
			children = (
				576583092C345FD300A817FC /* LearnView.swift */,
				5765830D2C34651F00A817FC /* ReusableLearnPostView.swift */,
				5765830F2C346EFA00A817FC /* LearnPostCardView.swift */,
			);
			path = LearnView;
			sourceTree = "<group>";
		};
		57690DC12C353D4E0015844B /* BondView */ = {
			isa = PBXGroup;
			children = (
				575AEC202C35C08400D73623 /* BondView.swift */,
				575AEC262C35E0B200D73623 /* ReusableBondView.swift */,
				575AEC282C35E25300D73623 /* BondCardView.swift */,
			);
			path = BondView;
			sourceTree = "<group>";
		};
		57690DC22C353D560015844B /* EngageView */ = {
			isa = PBXGroup;
			children = (
			);
			path = EngageView;
			sourceTree = "<group>";
		};
		57D590BF2C273F6B001D614F /* Login */ = {
			isa = PBXGroup;
			children = (
				57E0ECCF2C24BF1400BE0FCC /* LoginView.swift */,
				57E0ECD12C24CD1C00BE0FCC /* RegisterView.swift */,
			);
			path = Login;
			sourceTree = "<group>";
		};
		57D590C02C274032001D614F /* Main */ = {
			isa = PBXGroup;
			children = (
				57D590CB2C274DD6001D614F /* MainView.swift */,
			);
			path = Main;
			sourceTree = "<group>";
		};
		57E0ECAD2C24B4DE00BE0FCC = {
			isa = PBXGroup;
			children = (
				57E0ECB82C24B4DE00BE0FCC /* GreenBond */,
				57E0ECB72C24B4DE00BE0FCC /* Products */,
				57E0ECD32C2574A500BE0FCC /* Frameworks */,
			);
			sourceTree = "<group>";
		};
		57E0ECB72C24B4DE00BE0FCC /* Products */ = {
			isa = PBXGroup;
			children = (
				57E0ECB62C24B4DE00BE0FCC /* GreenBond.app */,
			);
			name = Products;
			sourceTree = "<group>";
		};
		57E0ECB82C24B4DE00BE0FCC /* GreenBond */ = {
			isa = PBXGroup;
			children = (
				57F90E962C25DD7F0016D90F /* Helpers */,
				57E0ECCE2C24BF0400BE0FCC /* Model */,
				57E0ECCD2C24BEFD00BE0FCC /* View */,
				57E0ECC92C24BE7100BE0FCC /* Info.plist */,
				57E0ECB92C24B4DE00BE0FCC /* GreenBondApp.swift */,
				57E0ECBB2C24B4DE00BE0FCC /* ContentView.swift */,
				57E0ECBD2C24B4E200BE0FCC /* Assets.xcassets */,
				57E0ECC72C24BE4F00BE0FCC /* GoogleService-Info.plist */,
				57E0ECBF2C24B4E200BE0FCC /* Preview Content */,
			);
			path = GreenBond;
			sourceTree = "<group>";
		};
		57E0ECBF2C24B4E200BE0FCC /* Preview Content */ = {
			isa = PBXGroup;
			children = (
				57E0ECC02C24B4E200BE0FCC /* Preview Assets.xcassets */,
			);
			path = "Preview Content";
			sourceTree = "<group>";
		};
		57E0ECCD2C24BEFD00BE0FCC /* View */ = {
			isa = PBXGroup;
			children = (
				575AEC1F2C35A8EB00D73623 /* ProfileView */,
				57690DC22C353D560015844B /* EngageView */,
				57690DC12C353D4E0015844B /* BondView */,
				57690DC02C353D2E0015844B /* LearnView */,
				576583012C34539500A817FC /* AdminView */,
				57D590C02C274032001D614F /* Main */,
				57D590BF2C273F6B001D614F /* Login */,
				57F90E942C25DB170016D90F /* LoadingView.swift */,
			);
			path = View;
			sourceTree = "<group>";
		};
		57E0ECCE2C24BF0400BE0FCC /* Model */ = {
			isa = PBXGroup;
			children = (
				57E0ECDA2C2575E200BE0FCC /* User.swift */,
				576583072C34544900A817FC /* LearnPost.swift */,
				575AEC242C35CD6E00D73623 /* BondChallenges.swift */,
			);
			path = Model;
			sourceTree = "<group>";
		};
		57E0ECD32C2574A500BE0FCC /* Frameworks */ = {
			isa = PBXGroup;
			children = (
			);
			name = Frameworks;
			sourceTree = "<group>";
		};
		57F90E962C25DD7F0016D90F /* Helpers */ = {
			isa = PBXGroup;
			children = (
				57D590C12C27405A001D614F /* View+Extensions.swift */,
				57D590C32C274083001D614F /* Color+Extensions.swift */,
				57D590C72C2741E8001D614F /* AppConstants.swift */,
				5787DAD22C28610B005A4686 /* WaveShape.swift */,
				5787DAD42C286D53005A4686 /* CustomTabBar.swift */,
				5787DAD72C287C53005A4686 /* BarGraphBuilder.swift */,
			);
			path = Helpers;
			sourceTree = "<group>";
		};
/* End PBXGroup section */

/* Begin PBXNativeTarget section */
		57E0ECB52C24B4DE00BE0FCC /* GreenBond */ = {
			isa = PBXNativeTarget;
			buildConfigurationList = 57E0ECC42C24B4E200BE0FCC /* Build configuration list for PBXNativeTarget "GreenBond" */;
			buildPhases = (
				57E0ECB22C24B4DE00BE0FCC /* Sources */,
				57E0ECB32C24B4DE00BE0FCC /* Frameworks */,
				57E0ECB42C24B4DE00BE0FCC /* Resources */,
			);
			buildRules = (
			);
			dependencies = (
			);
			name = GreenBond;
			packageProductDependencies = (
				57E0ECCB2C24BEE300BE0FCC /* FirebaseAuth */,
				57E0ECD42C2574A500BE0FCC /* FirebaseFirestore */,
				57E0ECD62C2574A500BE0FCC /* FirebaseFirestoreSwift */,
				57E0ECD82C2574A500BE0FCC /* FirebaseStorage */,
				57D590D62C276463001D614F /* SDWebImageSwiftUI */,
			);
			productName = GreenBond;
			productReference = 57E0ECB62C24B4DE00BE0FCC /* GreenBond.app */;
			productType = "com.apple.product-type.application";
		};
/* End PBXNativeTarget section */

/* Begin PBXProject section */
		57E0ECAE2C24B4DE00BE0FCC /* Project object */ = {
			isa = PBXProject;
			attributes = {
				BuildIndependentTargetsInParallel = 1;
				LastSwiftUpdateCheck = 1540;
				LastUpgradeCheck = 1540;
				TargetAttributes = {
					57E0ECB52C24B4DE00BE0FCC = {
						CreatedOnToolsVersion = 15.4;
					};
				};
			};
			buildConfigurationList = 57E0ECB12C24B4DE00BE0FCC /* Build configuration list for PBXProject "GreenBond" */;
			compatibilityVersion = "Xcode 14.0";
			developmentRegion = en;
			hasScannedForEncodings = 0;
			knownRegions = (
				en,
				Base,
			);
			mainGroup = 57E0ECAD2C24B4DE00BE0FCC;
			packageReferences = (
				57E0ECCA2C24BEE300BE0FCC /* XCRemoteSwiftPackageReference "firebase-ios-sdk" */,
				57D590D12C275C53001D614F /* XCRemoteSwiftPackageReference "SDWebImageSwiftUI" */,
			);
			productRefGroup = 57E0ECB72C24B4DE00BE0FCC /* Products */;
			projectDirPath = "";
			projectRoot = "";
			targets = (
				57E0ECB52C24B4DE00BE0FCC /* GreenBond */,
			);
		};
/* End PBXProject section */

/* Begin PBXResourcesBuildPhase section */
		57E0ECB42C24B4DE00BE0FCC /* Resources */ = {
			isa = PBXResourcesBuildPhase;
			buildActionMask = 2147483647;
			files = (
				57E0ECC12C24B4E200BE0FCC /* Preview Assets.xcassets in Resources */,
				57E0ECBE2C24B4E200BE0FCC /* Assets.xcassets in Resources */,
				57E0ECC82C24BE4F00BE0FCC /* GoogleService-Info.plist in Resources */,
			);
			runOnlyForDeploymentPostprocessing = 0;
		};
/* End PBXResourcesBuildPhase section */

/* Begin PBXSourcesBuildPhase section */
		57E0ECB22C24B4DE00BE0FCC /* Sources */ = {
			isa = PBXSourcesBuildPhase;
			buildActionMask = 2147483647;
			files = (
				576583082C34544900A817FC /* LearnPost.swift in Sources */,
				5787DAD32C28610C005A4686 /* WaveShape.swift in Sources */,
				57E0ECD02C24BF1400BE0FCC /* LoginView.swift in Sources */,
				576583032C3453FF00A817FC /* CreateLearn.swift in Sources */,
				5787DAD52C286D53005A4686 /* CustomTabBar.swift in Sources */,
				57E0ECD22C24CD1C00BE0FCC /* RegisterView.swift in Sources */,
				57E0ECBC2C24B4DE00BE0FCC /* ContentView.swift in Sources */,
				5765830A2C345FD300A817FC /* LearnView.swift in Sources */,
				575AEC252C35CD6E00D73623 /* BondChallenges.swift in Sources */,
				575AEC232C35C11E00D73623 /* CreateBond.swift in Sources */,
				5765830E2C34651F00A817FC /* ReusableLearnPostView.swift in Sources */,
				575AEC292C35E25300D73623 /* BondCardView.swift in Sources */,
				57D590D02C275B63001D614F /* ProfileContent.swift in Sources */,
				57D590CC2C274DD6001D614F /* MainView.swift in Sources */,
				57D590C42C274083001D614F /* Color+Extensions.swift in Sources */,
				57D590C22C27405A001D614F /* View+Extensions.swift in Sources */,
				575AEC212C35C08400D73623 /* BondView.swift in Sources */,
				57E0ECDB2C2575E200BE0FCC /* User.swift in Sources */,
				57E0ECBA2C24B4DE00BE0FCC /* GreenBondApp.swift in Sources */,
				575AEC272C35E0B200D73623 /* ReusableBondView.swift in Sources */,
				576583102C346EFA00A817FC /* LearnPostCardView.swift in Sources */,
				57F90E952C25DB170016D90F /* LoadingView.swift in Sources */,
				5787DAD82C287C53005A4686 /* BarGraphBuilder.swift in Sources */,
				57D590CE2C27520F001D614F /* ProfileView.swift in Sources */,
				57D590C82C2741E8001D614F /* AppConstants.swift in Sources */,
			);
			runOnlyForDeploymentPostprocessing = 0;
		};
/* End PBXSourcesBuildPhase section */

/* Begin XCBuildConfiguration section */
		57E0ECC22C24B4E200BE0FCC /* Debug */ = {
			isa = XCBuildConfiguration;
			buildSettings = {
				ALWAYS_SEARCH_USER_PATHS = NO;
				ASSETCATALOG_COMPILER_GENERATE_SWIFT_ASSET_SYMBOL_EXTENSIONS = YES;
				CLANG_ANALYZER_NONNULL = YES;
				CLANG_ANALYZER_NUMBER_OBJECT_CONVERSION = YES_AGGRESSIVE;
				CLANG_CXX_LANGUAGE_STANDARD = "gnu++20";
				CLANG_ENABLE_MODULES = YES;
				CLANG_ENABLE_OBJC_ARC = YES;
				CLANG_ENABLE_OBJC_WEAK = YES;
				CLANG_WARN_BLOCK_CAPTURE_AUTORELEASING = YES;
				CLANG_WARN_BOOL_CONVERSION = YES;
				CLANG_WARN_COMMA = YES;
				CLANG_WARN_CONSTANT_CONVERSION = YES;
				CLANG_WARN_DEPRECATED_OBJC_IMPLEMENTATIONS = YES;
				CLANG_WARN_DIRECT_OBJC_ISA_USAGE = YES_ERROR;
				CLANG_WARN_DOCUMENTATION_COMMENTS = YES;
				CLANG_WARN_EMPTY_BODY = YES;
				CLANG_WARN_ENUM_CONVERSION = YES;
				CLANG_WARN_INFINITE_RECURSION = YES;
				CLANG_WARN_INT_CONVERSION = YES;
				CLANG_WARN_NON_LITERAL_NULL_CONVERSION = YES;
				CLANG_WARN_OBJC_IMPLICIT_RETAIN_SELF = YES;
				CLANG_WARN_OBJC_LITERAL_CONVERSION = YES;
				CLANG_WARN_OBJC_ROOT_CLASS = YES_ERROR;
				CLANG_WARN_QUOTED_INCLUDE_IN_FRAMEWORK_HEADER = YES;
				CLANG_WARN_RANGE_LOOP_ANALYSIS = YES;
				CLANG_WARN_STRICT_PROTOTYPES = YES;
				CLANG_WARN_SUSPICIOUS_MOVE = YES;
				CLANG_WARN_UNGUARDED_AVAILABILITY = YES_AGGRESSIVE;
				CLANG_WARN_UNREACHABLE_CODE = YES;
				CLANG_WARN__DUPLICATE_METHOD_MATCH = YES;
				COPY_PHASE_STRIP = NO;
				DEBUG_INFORMATION_FORMAT = dwarf;
				ENABLE_STRICT_OBJC_MSGSEND = YES;
				ENABLE_TESTABILITY = YES;
				ENABLE_USER_SCRIPT_SANDBOXING = YES;
				GCC_C_LANGUAGE_STANDARD = gnu17;
				GCC_DYNAMIC_NO_PIC = NO;
				GCC_NO_COMMON_BLOCKS = YES;
				GCC_OPTIMIZATION_LEVEL = 0;
				GCC_PREPROCESSOR_DEFINITIONS = (
					"DEBUG=1",
					"$(inherited)",
				);
				GCC_WARN_64_TO_32_BIT_CONVERSION = YES;
				GCC_WARN_ABOUT_RETURN_TYPE = YES_ERROR;
				GCC_WARN_UNDECLARED_SELECTOR = YES;
				GCC_WARN_UNINITIALIZED_AUTOS = YES_AGGRESSIVE;
				GCC_WARN_UNUSED_FUNCTION = YES;
				GCC_WARN_UNUSED_VARIABLE = YES;
				IPHONEOS_DEPLOYMENT_TARGET = 17.5;
				LOCALIZATION_PREFERS_STRING_CATALOGS = YES;
				MTL_ENABLE_DEBUG_INFO = INCLUDE_SOURCE;
				MTL_FAST_MATH = YES;
				ONLY_ACTIVE_ARCH = YES;
				SDKROOT = iphoneos;
				SWIFT_ACTIVE_COMPILATION_CONDITIONS = "DEBUG $(inherited)";
				SWIFT_OPTIMIZATION_LEVEL = "-Onone";
			};
			name = Debug;
		};
		57E0ECC32C24B4E200BE0FCC /* Release */ = {
			isa = XCBuildConfiguration;
			buildSettings = {
				ALWAYS_SEARCH_USER_PATHS = NO;
				ASSETCATALOG_COMPILER_GENERATE_SWIFT_ASSET_SYMBOL_EXTENSIONS = YES;
				CLANG_ANALYZER_NONNULL = YES;
				CLANG_ANALYZER_NUMBER_OBJECT_CONVERSION = YES_AGGRESSIVE;
				CLANG_CXX_LANGUAGE_STANDARD = "gnu++20";
				CLANG_ENABLE_MODULES = YES;
				CLANG_ENABLE_OBJC_ARC = YES;
				CLANG_ENABLE_OBJC_WEAK = YES;
				CLANG_WARN_BLOCK_CAPTURE_AUTORELEASING = YES;
				CLANG_WARN_BOOL_CONVERSION = YES;
				CLANG_WARN_COMMA = YES;
				CLANG_WARN_CONSTANT_CONVERSION = YES;
				CLANG_WARN_DEPRECATED_OBJC_IMPLEMENTATIONS = YES;
				CLANG_WARN_DIRECT_OBJC_ISA_USAGE = YES_ERROR;
				CLANG_WARN_DOCUMENTATION_COMMENTS = YES;
				CLANG_WARN_EMPTY_BODY = YES;
				CLANG_WARN_ENUM_CONVERSION = YES;
				CLANG_WARN_INFINITE_RECURSION = YES;
				CLANG_WARN_INT_CONVERSION = YES;
				CLANG_WARN_NON_LITERAL_NULL_CONVERSION = YES;
				CLANG_WARN_OBJC_IMPLICIT_RETAIN_SELF = YES;
				CLANG_WARN_OBJC_LITERAL_CONVERSION = YES;
				CLANG_WARN_OBJC_ROOT_CLASS = YES_ERROR;
				CLANG_WARN_QUOTED_INCLUDE_IN_FRAMEWORK_HEADER = YES;
				CLANG_WARN_RANGE_LOOP_ANALYSIS = YES;
				CLANG_WARN_STRICT_PROTOTYPES = YES;
				CLANG_WARN_SUSPICIOUS_MOVE = YES;
				CLANG_WARN_UNGUARDED_AVAILABILITY = YES_AGGRESSIVE;
				CLANG_WARN_UNREACHABLE_CODE = YES;
				CLANG_WARN__DUPLICATE_METHOD_MATCH = YES;
				COPY_PHASE_STRIP = NO;
				DEBUG_INFORMATION_FORMAT = "dwarf-with-dsym";
				ENABLE_NS_ASSERTIONS = NO;
				ENABLE_STRICT_OBJC_MSGSEND = YES;
				ENABLE_USER_SCRIPT_SANDBOXING = YES;
				GCC_C_LANGUAGE_STANDARD = gnu17;
				GCC_NO_COMMON_BLOCKS = YES;
				GCC_WARN_64_TO_32_BIT_CONVERSION = YES;
				GCC_WARN_ABOUT_RETURN_TYPE = YES_ERROR;
				GCC_WARN_UNDECLARED_SELECTOR = YES;
				GCC_WARN_UNINITIALIZED_AUTOS = YES_AGGRESSIVE;
				GCC_WARN_UNUSED_FUNCTION = YES;
				GCC_WARN_UNUSED_VARIABLE = YES;
				IPHONEOS_DEPLOYMENT_TARGET = 17.5;
				LOCALIZATION_PREFERS_STRING_CATALOGS = YES;
				MTL_ENABLE_DEBUG_INFO = NO;
				MTL_FAST_MATH = YES;
				SDKROOT = iphoneos;
				SWIFT_COMPILATION_MODE = wholemodule;
				VALIDATE_PRODUCT = YES;
			};
			name = Release;
		};
		57E0ECC52C24B4E200BE0FCC /* Debug */ = {
			isa = XCBuildConfiguration;
			buildSettings = {
				ASSETCATALOG_COMPILER_APPICON_NAME = AppIcon;
				ASSETCATALOG_COMPILER_GLOBAL_ACCENT_COLOR_NAME = AccentColor;
				CODE_SIGN_STYLE = Automatic;
				CURRENT_PROJECT_VERSION = 1;
				DEVELOPMENT_ASSET_PATHS = "\"GreenBond/Preview Content\"";
				DEVELOPMENT_TEAM = 3FXQPG57DX;
				ENABLE_PREVIEWS = YES;
				GENERATE_INFOPLIST_FILE = YES;
				INFOPLIST_FILE = GreenBond/Info.plist;
				INFOPLIST_KEY_UIApplicationSceneManifest_Generation = YES;
				INFOPLIST_KEY_UIApplicationSupportsIndirectInputEvents = YES;
				INFOPLIST_KEY_UILaunchScreen_Generation = YES;
				INFOPLIST_KEY_UIStatusBarStyle = UIStatusBarStyleLightContent;
				INFOPLIST_KEY_UISupportedInterfaceOrientations = UIInterfaceOrientationPortrait;
				IPHONEOS_DEPLOYMENT_TARGET = 17.0;
				LD_RUNPATH_SEARCH_PATHS = (
					"$(inherited)",
					"@executable_path/Frameworks",
				);
				MARKETING_VERSION = 1.0;
				PRODUCT_BUNDLE_IDENTIFIER = GreenBond.GreenBond;
				PRODUCT_NAME = "$(TARGET_NAME)";
				SWIFT_EMIT_LOC_STRINGS = YES;
				SWIFT_VERSION = 5.0;
				TARGETED_DEVICE_FAMILY = "1,2";
			};
			name = Debug;
		};
		57E0ECC62C24B4E200BE0FCC /* Release */ = {
			isa = XCBuildConfiguration;
			buildSettings = {
				ASSETCATALOG_COMPILER_APPICON_NAME = AppIcon;
				ASSETCATALOG_COMPILER_GLOBAL_ACCENT_COLOR_NAME = AccentColor;
				CODE_SIGN_STYLE = Automatic;
				CURRENT_PROJECT_VERSION = 1;
				DEVELOPMENT_ASSET_PATHS = "\"GreenBond/Preview Content\"";
				DEVELOPMENT_TEAM = 3FXQPG57DX;
				ENABLE_PREVIEWS = YES;
				GENERATE_INFOPLIST_FILE = YES;
				INFOPLIST_FILE = GreenBond/Info.plist;
				INFOPLIST_KEY_UIApplicationSceneManifest_Generation = YES;
				INFOPLIST_KEY_UIApplicationSupportsIndirectInputEvents = YES;
				INFOPLIST_KEY_UILaunchScreen_Generation = YES;
				INFOPLIST_KEY_UIStatusBarStyle = UIStatusBarStyleLightContent;
				INFOPLIST_KEY_UISupportedInterfaceOrientations = UIInterfaceOrientationPortrait;
				IPHONEOS_DEPLOYMENT_TARGET = 17.0;
				LD_RUNPATH_SEARCH_PATHS = (
					"$(inherited)",
					"@executable_path/Frameworks",
				);
				MARKETING_VERSION = 1.0;
				PRODUCT_BUNDLE_IDENTIFIER = GreenBond.GreenBond;
				PRODUCT_NAME = "$(TARGET_NAME)";
				SWIFT_EMIT_LOC_STRINGS = YES;
				SWIFT_VERSION = 5.0;
				TARGETED_DEVICE_FAMILY = "1,2";
			};
			name = Release;
		};
/* End XCBuildConfiguration section */

/* Begin XCConfigurationList section */
		57E0ECB12C24B4DE00BE0FCC /* Build configuration list for PBXProject "GreenBond" */ = {
			isa = XCConfigurationList;
			buildConfigurations = (
				57E0ECC22C24B4E200BE0FCC /* Debug */,
				57E0ECC32C24B4E200BE0FCC /* Release */,
			);
			defaultConfigurationIsVisible = 0;
			defaultConfigurationName = Release;
		};
		57E0ECC42C24B4E200BE0FCC /* Build configuration list for PBXNativeTarget "GreenBond" */ = {
			isa = XCConfigurationList;
			buildConfigurations = (
				57E0ECC52C24B4E200BE0FCC /* Debug */,
				57E0ECC62C24B4E200BE0FCC /* Release */,
			);
			defaultConfigurationIsVisible = 0;
			defaultConfigurationName = Release;
		};
/* End XCConfigurationList section */

/* Begin XCRemoteSwiftPackageReference section */
		57D590D12C275C53001D614F /* XCRemoteSwiftPackageReference "SDWebImageSwiftUI" */ = {
			isa = XCRemoteSwiftPackageReference;
			repositoryURL = "https://github.com/SDWebImage/SDWebImageSwiftUI.git";
			requirement = {
				kind = upToNextMajorVersion;
				minimumVersion = 3.0.4;
			};
		};
		57E0ECCA2C24BEE300BE0FCC /* XCRemoteSwiftPackageReference "firebase-ios-sdk" */ = {
			isa = XCRemoteSwiftPackageReference;
			repositoryURL = "https://github.com/firebase/firebase-ios-sdk";
			requirement = {
				kind = upToNextMajorVersion;
				minimumVersion = 10.28.0;
			};
		};
/* End XCRemoteSwiftPackageReference section */

/* Begin XCSwiftPackageProductDependency section */
		57D590D62C276463001D614F /* SDWebImageSwiftUI */ = {
			isa = XCSwiftPackageProductDependency;
			package = 57D590D12C275C53001D614F /* XCRemoteSwiftPackageReference "SDWebImageSwiftUI" */;
			productName = SDWebImageSwiftUI;
		};
		57E0ECCB2C24BEE300BE0FCC /* FirebaseAuth */ = {
			isa = XCSwiftPackageProductDependency;
			package = 57E0ECCA2C24BEE300BE0FCC /* XCRemoteSwiftPackageReference "firebase-ios-sdk" */;
			productName = FirebaseAuth;
		};
		57E0ECD42C2574A500BE0FCC /* FirebaseFirestore */ = {
			isa = XCSwiftPackageProductDependency;
			package = 57E0ECCA2C24BEE300BE0FCC /* XCRemoteSwiftPackageReference "firebase-ios-sdk" */;
			productName = FirebaseFirestore;
		};
		57E0ECD62C2574A500BE0FCC /* FirebaseFirestoreSwift */ = {
			isa = XCSwiftPackageProductDependency;
			package = 57E0ECCA2C24BEE300BE0FCC /* XCRemoteSwiftPackageReference "firebase-ios-sdk" */;
			productName = FirebaseFirestoreSwift;
		};
		57E0ECD82C2574A500BE0FCC /* FirebaseStorage */ = {
			isa = XCSwiftPackageProductDependency;
			package = 57E0ECCA2C24BEE300BE0FCC /* XCRemoteSwiftPackageReference "firebase-ios-sdk" */;
			productName = FirebaseStorage;
		};
/* End XCSwiftPackageProductDependency section */
	};
	rootObject = 57E0ECAE2C24B4DE00BE0FCC /* Project object */;
}
